{
  "name": "Kindr",
  "lockfileVersion": 3,
  "requires": true,
  "packages": {
    "": {
      "dependencies": {
        "@cloudinary/react": "^1.11.2",
        "@cloudinary/url-gen": "^1.11.2",
        "cloudinary": "^1.40.0",
        "streamifier": "^0.1.1"
      }
    },
    "node_modules/@cloudinary/html": {
      "version": "1.11.2",
      "resolved": "https://registry.npmjs.org/@cloudinary/html/-/html-1.11.2.tgz",
      "integrity": "sha512-IibBZliI7MOK3dxvz0WlsEyTIsqZhY3SiCBQM0CNwCKxn3N1TO8OgetfU26Now1lJbdoF5JQ8S7Cn6ZWNuU1KA==",
      "dependencies": {
        "@types/lodash.clonedeep": "^4.5.6",
        "@types/lodash.debounce": "^4.0.6",
        "@types/node": "^14.14.10",
        "lodash.clonedeep": "^4.5.0",
        "lodash.debounce": "^4.0.8",
        "typescript": "^4.1.2"
      }
    },
    "node_modules/@cloudinary/react": {
      "version": "1.11.2",
      "resolved": "https://registry.npmjs.org/@cloudinary/react/-/react-1.11.2.tgz",
      "integrity": "sha512-ZnVthMW7TExLMPmyven4N7EVr2oX2yZqnHn6EHBlni9iM0AZd6qtR8R5/SscxNLNwgBieWuvmejUlUT4LqPpMg==",
      "dependencies": {
        "@cloudinary/html": "^1.11.2"
      },
      "engines": {
        "node": ">=10"
      },
      "peerDependencies": {
        "react": "^16.3.0 || ^17.0.0 || ^18.0.0"
      }
    },
    "node_modules/@cloudinary/transformation-builder-sdk": {
      "version": "1.6.1",
      "resolved": "https://registry.npmjs.org/@cloudinary/transformation-builder-sdk/-/transformation-builder-sdk-1.6.1.tgz",
      "integrity": "sha512-cBoSFbE4SnXO2QvUq+cYgUpXufmZTgg05Cy+jAdiNRGcC6lN+KO0ybMnLU6yg9cFub2NRkBDpU4N53wg4a977w==",
      "dependencies": {
        "@cloudinary/url-gen": "^1.7.0"
      }
    },
    "node_modules/@cloudinary/url-gen": {
      "version": "1.11.2",
      "resolved": "https://registry.npmjs.org/@cloudinary/url-gen/-/url-gen-1.11.2.tgz",
      "integrity": "sha512-9yL3BlThh3PfyRg/zS8cQVic3FdFaIOp361YrDrQ4fqYbYE47SGWF4ji9KoFxYF4ejfDEptayeG9jF2C465KRQ==",
      "dependencies": {
        "@cloudinary/transformation-builder-sdk": "^1.5.1"
      }
    },
    "node_modules/@types/lodash": {
      "version": "4.14.198",
      "resolved": "https://registry.npmjs.org/@types/lodash/-/lodash-4.14.198.tgz",
      "integrity": "sha512-trNJ/vtMZYMLhfN45uLq4ShQSw0/S7xCTLLVM+WM1rmFpba/VS42jVUgaO3w/NOLiWR/09lnYk0yMaA/atdIsg=="
    },
    "node_modules/@types/lodash.clonedeep": {
      "version": "4.5.7",
      "resolved": "https://registry.npmjs.org/@types/lodash.clonedeep/-/lodash.clonedeep-4.5.7.tgz",
      "integrity": "sha512-ccNqkPptFIXrpVqUECi60/DFxjNKsfoQxSQsgcBJCX/fuX1wgyQieojkcWH/KpE3xzLoWN/2k+ZeGqIN3paSvw==",
      "dependencies": {
        "@types/lodash": "*"
      }
    },
    "node_modules/@types/lodash.debounce": {
      "version": "4.0.7",
      "resolved": "https://registry.npmjs.org/@types/lodash.debounce/-/lodash.debounce-4.0.7.tgz",
      "integrity": "sha512-X1T4wMZ+gT000M2/91SYj0d/7JfeNZ9PeeOldSNoE/lunLeQXKvkmIumI29IaKMotU/ln/McOIvgzZcQ/3TrSA==",
      "dependencies": {
        "@types/lodash": "*"
      }
    },
    "node_modules/@types/node": {
      "version": "14.18.59",
      "resolved": "https://registry.npmjs.org/@types/node/-/node-14.18.59.tgz",
      "integrity": "sha512-NWJMpBL2Xs3MY93yrD6YrrTKep8eIA6iMnfG4oIc6LrTRlBZgiSCGiY3V/Owlp6umIBLyKb4F8Q7hxWatjYH5A=="
    },
    "node_modules/cloudinary": {
      "version": "1.40.0",
      "resolved": "https://registry.npmjs.org/cloudinary/-/cloudinary-1.40.0.tgz",
      "integrity": "sha512-Fifkl8NRw/M+Enw4cKCXc6e0Or28c5y6RVGYS3OCLzT1W8EfBt416FURhLuuL/S4BCVv8bSilmnM746kCtth3g==",
      "dependencies": {
        "cloudinary-core": "^2.13.0",
        "core-js": "^3.30.1",
        "lodash": "^4.17.21",
        "q": "^1.5.1"
      },
      "engines": {
        "node": ">=0.6"
      }
    },
    "node_modules/cloudinary-core": {
      "version": "2.13.0",
      "resolved": "https://registry.npmjs.org/cloudinary-core/-/cloudinary-core-2.13.0.tgz",
      "integrity": "sha512-Nt0Q5I2FtenmJghtC4YZ3MZZbGg1wLm84SsxcuVwZ83OyJqG9CNIGp86CiI6iDv3QobaqBUpOT7vg+HqY5HxEA==",
      "peerDependencies": {
        "lodash": ">=4.0"
      }
    },
    "node_modules/core-js": {
      "version": "3.32.2",
      "resolved": "https://registry.npmjs.org/core-js/-/core-js-3.32.2.tgz",
      "integrity": "sha512-pxXSw1mYZPDGvTQqEc5vgIb83jGQKFGYWY76z4a7weZXUolw3G+OvpZqSRcfYOoOVUQJYEPsWeQK8pKEnUtWxQ==",
      "hasInstallScript": true,
      "funding": {
        "type": "opencollective",
        "url": "https://opencollective.com/core-js"
      }
    },
    "node_modules/js-tokens": {
      "version": "4.0.0",
      "resolved": "https://registry.npmjs.org/js-tokens/-/js-tokens-4.0.0.tgz",
      "integrity": "sha512-RdJUflcE3cUzKiMqQgsCu06FPu9UdIJO0beYbPhHN4k6apgJtifcoCtT9bcxOpYBtpD2kCM6Sbzg4CausW/PKQ==",
      "peer": true
    },
    "node_modules/lodash": {
      "version": "4.17.21",
      "resolved": "https://registry.npmjs.org/lodash/-/lodash-4.17.21.tgz",
      "integrity": "sha512-v2kDEe57lecTulaDIuNTPy3Ry4gLGJ6Z1O3vE1krgXZNrsQ+LFTGHVxVjcXPs17LhbZVGedAJv8XZ1tvj5FvSg=="
    },
    "node_modules/lodash.clonedeep": {
      "version": "4.5.0",
      "resolved": "https://registry.npmjs.org/lodash.clonedeep/-/lodash.clonedeep-4.5.0.tgz",
      "integrity": "sha512-H5ZhCF25riFd9uB5UCkVKo61m3S/xZk1x4wA6yp/L3RFP6Z/eHH1ymQcGLo7J3GMPfm0V/7m1tryHuGVxpqEBQ=="
    },
    "node_modules/lodash.debounce": {
      "version": "4.0.8",
      "resolved": "https://registry.npmjs.org/lodash.debounce/-/lodash.debounce-4.0.8.tgz",
      "integrity": "sha512-FT1yDzDYEoYWhnSGnpE/4Kj1fLZkDFyqRb7fNt6FdYOSxlUWAtp42Eh6Wb0rGIv/m9Bgo7x4GhQbm5Ys4SG5ow=="
    },
    "node_modules/loose-envify": {
      "version": "1.4.0",
      "resolved": "https://registry.npmjs.org/loose-envify/-/loose-envify-1.4.0.tgz",
      "integrity": "sha512-lyuxPGr/Wfhrlem2CL/UcnUc1zcqKAImBDzukY7Y5F/yQiNdko6+fRLevlw1HgMySw7f611UIY408EtxRSoK3Q==",
      "peer": true,
      "dependencies": {
        "js-tokens": "^3.0.0 || ^4.0.0"
      },
      "bin": {
        "loose-envify": "cli.js"
      }
    },
    "node_modules/q": {
      "version": "1.5.1",
      "resolved": "https://registry.npmjs.org/q/-/q-1.5.1.tgz",
      "integrity": "sha512-kV/CThkXo6xyFEZUugw/+pIOywXcDbFYgSct5cT3gqlbkBE1SJdwy6UQoZvodiWF/ckQLZyDE/Bu1M6gVu5lVw==",
      "engines": {
        "node": ">=0.6.0",
        "teleport": ">=0.2.0"
      }
    },
    "node_modules/react": {
      "version": "18.2.0",
      "resolved": "https://registry.npmjs.org/react/-/react-18.2.0.tgz",
      "integrity": "sha512-/3IjMdb2L9QbBdWiW5e3P2/npwMBaU9mHCSCUzNln0ZCYbcfTsGbTJrU/kGemdH2IWmB2ioZ+zkxtmq6g09fGQ==",
      "peer": true,
      "dependencies": {
        "loose-envify": "^1.1.0"
      },
      "engines": {
        "node": ">=0.10.0"
      }
    },
    "node_modules/streamifier": {
      "version": "0.1.1",
      "resolved": "https://registry.npmjs.org/streamifier/-/streamifier-0.1.1.tgz",
      "integrity": "sha512-zDgl+muIlWzXNsXeyUfOk9dChMjlpkq0DRsxujtYPgyJ676yQ8jEm6zzaaWHFDg5BNcLuif0eD2MTyJdZqXpdg==",
      "engines": {
        "node": ">=0.10"
      }
    },
    "node_modules/typescript": {
      "version": "4.9.5",
      "resolved": "https://registry.npmjs.org/typescript/-/typescript-4.9.5.tgz",
      "integrity": "sha512-1FXk9E2Hm+QzZQ7z+McJiHL4NW1F2EzMu9Nq9i3zAaGqibafqYwCVU6WyWAuyQRRzOlxou8xZSyXLEN8oKj24g==",
      "bin": {
        "tsc": "bin/tsc",
        "tsserver": "bin/tsserver"
      },
      "engines": {
        "node": ">=4.2.0"
      }
    }
  }
}
